// !$*UTF8*$!
{
	archiveVersion = 1;
	classes = {
	};
	objectVersion = 55;
	objects = {

/* Begin PBXBuildFile section */
		912196BE27C6868100407648 /* atlasConfig.plist in Resources */ = {isa = PBXBuildFile; fileRef = 912196BD27C6868100407648 /* atlasConfig.plist */; };
		913D464B2770E46800ABE7D3 /* App.swift in Sources */ = {isa = PBXBuildFile; fileRef = 913D464A2770E46800ABE7D3 /* App.swift */; };
		913D464D2770E46800ABE7D3 /* ContentView.swift in Sources */ = {isa = PBXBuildFile; fileRef = 913D464C2770E46800ABE7D3 /* ContentView.swift */; };
		913D464F2770E46A00ABE7D3 /* Assets.xcassets in Resources */ = {isa = PBXBuildFile; fileRef = 913D464E2770E46A00ABE7D3 /* Assets.xcassets */; };
		913D46522770E46A00ABE7D3 /* Preview Assets.xcassets in Resources */ = {isa = PBXBuildFile; fileRef = 913D46512770E46A00ABE7D3 /* Preview Assets.xcassets */; };
		913D46622770F0C600ABE7D3 /* LoginView.swift in Sources */ = {isa = PBXBuildFile; fileRef = 913D46612770F0C600ABE7D3 /* LoginView.swift */; };
		915E413A284937E700D7C234 /* Realm in Frameworks */ = {isa = PBXBuildFile; productRef = 915E4139284937E700D7C234 /* Realm */; };
		915E413C284937E700D7C234 /* RealmSwift in Frameworks */ = {isa = PBXBuildFile; productRef = 915E413B284937E700D7C234 /* RealmSwift */; };
		917097DE27A05F0000F1D65B /* OpenRealmView.swift in Sources */ = {isa = PBXBuildFile; fileRef = 917097DD27A05F0000F1D65B /* OpenRealmView.swift */; };
		99368DF92B95D7CB000FC901 /* Driver.swift in Sources */ = {isa = PBXBuildFile; fileRef = 99368DF82B95D7CB000FC901 /* Driver.swift */; };
		99368DFB2B95D7E9000FC901 /* DriverStatus.swift in Sources */ = {isa = PBXBuildFile; fileRef = 99368DFA2B95D7E9000FC901 /* DriverStatus.swift */; };
		99368DFD2B95DA33000FC901 /* LoginViewModel.swift in Sources */ = {isa = PBXBuildFile; fileRef = 99368DFC2B95DA33000FC901 /* LoginViewModel.swift */; };
		99368DFF2B95DA92000FC901 /* UiState.swift in Sources */ = {isa = PBXBuildFile; fileRef = 99368DFE2B95DA91000FC901 /* UiState.swift */; };
		99368E012B95E4E1000FC901 /* HomeView.swift in Sources */ = {isa = PBXBuildFile; fileRef = 99368E002B95E4E1000FC901 /* HomeView.swift */; };
		99368E032B95E541000FC901 /* HomeViewModel.swift in Sources */ = {isa = PBXBuildFile; fileRef = 99368E022B95E541000FC901 /* HomeViewModel.swift */; };
		99368E082B9612D4000FC901 /* TripRequestView.swift in Sources */ = {isa = PBXBuildFile; fileRef = 99368E072B9612D4000FC901 /* TripRequestView.swift */; };
		99368E0C2B9612F5000FC901 /* TripRequestViewModel.swift in Sources */ = {isa = PBXBuildFile; fileRef = 99368E0B2B9612F5000FC901 /* TripRequestViewModel.swift */; };
		99368E102B961404000FC901 /* LaunchScreen.storyboard in Resources */ = {isa = PBXBuildFile; fileRef = 99368E0F2B961404000FC901 /* LaunchScreen.storyboard */; };
		99495BB62B90C9D600D726CC /* Color.swift in Sources */ = {isa = PBXBuildFile; fileRef = 99495BB52B90C9D600D726CC /* Color.swift */; };
		9982BBE12B9624540021FB1C /* Trip.swift in Sources */ = {isa = PBXBuildFile; fileRef = 9982BBE02B9624540021FB1C /* Trip.swift */; };
		9982BBE32B963ACF0021FB1C /* Rider.swift in Sources */ = {isa = PBXBuildFile; fileRef = 9982BBE22B963ACF0021FB1C /* Rider.swift */; };
		9982BBE52B968B120021FB1C /* ProfileView.swift in Sources */ = {isa = PBXBuildFile; fileRef = 9982BBE42B968B120021FB1C /* ProfileView.swift */; };
		9982BBE82B968B460021FB1C /* ProfileViewModel.swift in Sources */ = {isa = PBXBuildFile; fileRef = 9982BBE72B968B450021FB1C /* ProfileViewModel.swift */; };
		9982BBEA2B9704970021FB1C /* String.swift in Sources */ = {isa = PBXBuildFile; fileRef = 9982BBE92B9704970021FB1C /* String.swift */; };
		9982BBED2B9709920021FB1C /* ProfileTextField.swift in Sources */ = {isa = PBXBuildFile; fileRef = 9982BBEC2B9709920021FB1C /* ProfileTextField.swift */; };
		9982BBEF2B976D580021FB1C /* ProgressBar.swift in Sources */ = {isa = PBXBuildFile; fileRef = 9982BBEE2B976D580021FB1C /* ProgressBar.swift */; };
		9982BBF22B97B4550021FB1C /* TripFlowView.swift in Sources */ = {isa = PBXBuildFile; fileRef = 9982BBF12B97B4550021FB1C /* TripFlowView.swift */; };
		9982BBF42B97B5400021FB1C /* TripInfoCard.swift in Sources */ = {isa = PBXBuildFile; fileRef = 9982BBF32B97B5400021FB1C /* TripInfoCard.swift */; };
		9982BBF62B97C95E0021FB1C /* TripFlowViewModel.swift in Sources */ = {isa = PBXBuildFile; fileRef = 9982BBF52B97C95E0021FB1C /* TripFlowViewModel.swift */; };
		9982BBF82B9866C70021FB1C /* Double.swift in Sources */ = {isa = PBXBuildFile; fileRef = 9982BBF72B9866C70021FB1C /* Double.swift */; };
		9982BBFA2B9871980021FB1C /* TripHistoryView.swift in Sources */ = {isa = PBXBuildFile; fileRef = 9982BBF92B9871980021FB1C /* TripHistoryView.swift */; };
		9982BBFD2B9871B50021FB1C /* TripHistoryViewModel.swift in Sources */ = {isa = PBXBuildFile; fileRef = 9982BBFC2B9871B50021FB1C /* TripHistoryViewModel.swift */; };
		9982BBFF2B9876160021FB1C /* TripHistoryCard.swift in Sources */ = {isa = PBXBuildFile; fileRef = 9982BBFE2B9876160021FB1C /* TripHistoryCard.swift */; };
		9982BC012B987B1D0021FB1C /* Date.swift in Sources */ = {isa = PBXBuildFile; fileRef = 9982BC002B987B1D0021FB1C /* Date.swift */; };
		9982BC042B98A1190021FB1C /* Realm.swift in Sources */ = {isa = PBXBuildFile; fileRef = 9982BC032B98A1190021FB1C /* Realm.swift */; };
		9982BC062B98A1CB0021FB1C /* SyncSubscriptionSet.swift in Sources */ = {isa = PBXBuildFile; fileRef = 9982BC052B98A1CB0021FB1C /* SyncSubscriptionSet.swift */; };
		99C96C5F2B99E6C4006B356A /* SplashView.swift in Sources */ = {isa = PBXBuildFile; fileRef = 99C96C5E2B99E6C4006B356A /* SplashView.swift */; };
		FB9185942B9CD469002F1AF2 /* LoginRepo.swift in Sources */ = {isa = PBXBuildFile; fileRef = FB9185932B9CD469002F1AF2 /* LoginRepo.swift */; };
		FB9185972B9CD53F002F1AF2 /* DriverRepo.swift in Sources */ = {isa = PBXBuildFile; fileRef = FB9185962B9CD53F002F1AF2 /* DriverRepo.swift */; };
		FB9185992B9CD5A8002F1AF2 /* TripRepo.swift in Sources */ = {isa = PBXBuildFile; fileRef = FB9185982B9CD5A8002F1AF2 /* TripRepo.swift */; };
		FB9185A22B9D13D5002F1AF2 /* BackgroundManager.swift in Sources */ = {isa = PBXBuildFile; fileRef = FB9185A12B9D13D5002F1AF2 /* BackgroundManager.swift */; };
		FB9185A42B9D13E1002F1AF2 /* ConfigManager.swift in Sources */ = {isa = PBXBuildFile; fileRef = FB9185A32B9D13E1002F1AF2 /* ConfigManager.swift */; };
		FB9185A62B9D13E9002F1AF2 /* RealmManager.swift in Sources */ = {isa = PBXBuildFile; fileRef = FB9185A52B9D13E9002F1AF2 /* RealmManager.swift */; };
/* End PBXBuildFile section */

/* Begin PBXFileReference section */
		912196BD27C6868100407648 /* atlasConfig.plist */ = {isa = PBXFileReference; lastKnownFileType = text.plist.xml; path = atlasConfig.plist; sourceTree = "<group>"; };
		913D46472770E46800ABE7D3 /* GoDriver.app */ = {isa = PBXFileReference; explicitFileType = wrapper.application; includeInIndex = 0; path = GoDriver.app; sourceTree = BUILT_PRODUCTS_DIR; };
		913D464A2770E46800ABE7D3 /* App.swift */ = {isa = PBXFileReference; lastKnownFileType = sourcecode.swift; path = App.swift; sourceTree = "<group>"; };
		913D464C2770E46800ABE7D3 /* ContentView.swift */ = {isa = PBXFileReference; lastKnownFileType = sourcecode.swift; path = ContentView.swift; sourceTree = "<group>"; };
		913D464E2770E46A00ABE7D3 /* Assets.xcassets */ = {isa = PBXFileReference; lastKnownFileType = folder.assetcatalog; path = Assets.xcassets; sourceTree = "<group>"; };
		913D46512770E46A00ABE7D3 /* Preview Assets.xcassets */ = {isa = PBXFileReference; lastKnownFileType = folder.assetcatalog; path = "Preview Assets.xcassets"; sourceTree = "<group>"; };
		913D46612770F0C600ABE7D3 /* LoginView.swift */ = {isa = PBXFileReference; lastKnownFileType = sourcecode.swift; path = LoginView.swift; sourceTree = "<group>"; };
		917097DD27A05F0000F1D65B /* OpenRealmView.swift */ = {isa = PBXFileReference; lastKnownFileType = sourcecode.swift; path = OpenRealmView.swift; sourceTree = "<group>"; };
		99368DF82B95D7CB000FC901 /* Driver.swift */ = {isa = PBXFileReference; lastKnownFileType = sourcecode.swift; path = Driver.swift; sourceTree = "<group>"; };
		99368DFA2B95D7E9000FC901 /* DriverStatus.swift */ = {isa = PBXFileReference; lastKnownFileType = sourcecode.swift; path = DriverStatus.swift; sourceTree = "<group>"; };
		99368DFC2B95DA33000FC901 /* LoginViewModel.swift */ = {isa = PBXFileReference; lastKnownFileType = sourcecode.swift; path = LoginViewModel.swift; sourceTree = "<group>"; };
		99368DFE2B95DA91000FC901 /* UiState.swift */ = {isa = PBXFileReference; lastKnownFileType = sourcecode.swift; path = UiState.swift; sourceTree = "<group>"; };
		99368E002B95E4E1000FC901 /* HomeView.swift */ = {isa = PBXFileReference; lastKnownFileType = sourcecode.swift; path = HomeView.swift; sourceTree = "<group>"; };
		99368E022B95E541000FC901 /* HomeViewModel.swift */ = {isa = PBXFileReference; lastKnownFileType = sourcecode.swift; path = HomeViewModel.swift; sourceTree = "<group>"; };
		99368E072B9612D4000FC901 /* TripRequestView.swift */ = {isa = PBXFileReference; lastKnownFileType = sourcecode.swift; path = TripRequestView.swift; sourceTree = "<group>"; };
		99368E0B2B9612F5000FC901 /* TripRequestViewModel.swift */ = {isa = PBXFileReference; lastKnownFileType = sourcecode.swift; path = TripRequestViewModel.swift; sourceTree = "<group>"; };
		99368E0F2B961404000FC901 /* LaunchScreen.storyboard */ = {isa = PBXFileReference; fileEncoding = 4; lastKnownFileType = file.storyboard; path = LaunchScreen.storyboard; sourceTree = "<group>"; };
		99495BB52B90C9D600D726CC /* Color.swift */ = {isa = PBXFileReference; lastKnownFileType = sourcecode.swift; path = Color.swift; sourceTree = "<group>"; };
		9982BBE02B9624540021FB1C /* Trip.swift */ = {isa = PBXFileReference; lastKnownFileType = sourcecode.swift; path = Trip.swift; sourceTree = "<group>"; };
		9982BBE22B963ACF0021FB1C /* Rider.swift */ = {isa = PBXFileReference; lastKnownFileType = sourcecode.swift; path = Rider.swift; sourceTree = "<group>"; };
		9982BBE42B968B120021FB1C /* ProfileView.swift */ = {isa = PBXFileReference; lastKnownFileType = sourcecode.swift; path = ProfileView.swift; sourceTree = "<group>"; };
		9982BBE72B968B450021FB1C /* ProfileViewModel.swift */ = {isa = PBXFileReference; lastKnownFileType = sourcecode.swift; path = ProfileViewModel.swift; sourceTree = "<group>"; };
		9982BBE92B9704970021FB1C /* String.swift */ = {isa = PBXFileReference; lastKnownFileType = sourcecode.swift; path = String.swift; sourceTree = "<group>"; };
		9982BBEC2B9709920021FB1C /* ProfileTextField.swift */ = {isa = PBXFileReference; lastKnownFileType = sourcecode.swift; path = ProfileTextField.swift; sourceTree = "<group>"; };
		9982BBEE2B976D580021FB1C /* ProgressBar.swift */ = {isa = PBXFileReference; lastKnownFileType = sourcecode.swift; path = ProgressBar.swift; sourceTree = "<group>"; };
		9982BBF12B97B4550021FB1C /* TripFlowView.swift */ = {isa = PBXFileReference; lastKnownFileType = sourcecode.swift; path = TripFlowView.swift; sourceTree = "<group>"; };
		9982BBF32B97B5400021FB1C /* TripInfoCard.swift */ = {isa = PBXFileReference; lastKnownFileType = sourcecode.swift; path = TripInfoCard.swift; sourceTree = "<group>"; };
		9982BBF52B97C95E0021FB1C /* TripFlowViewModel.swift */ = {isa = PBXFileReference; lastKnownFileType = sourcecode.swift; path = TripFlowViewModel.swift; sourceTree = "<group>"; };
		9982BBF72B9866C70021FB1C /* Double.swift */ = {isa = PBXFileReference; lastKnownFileType = sourcecode.swift; path = Double.swift; sourceTree = "<group>"; };
		9982BBF92B9871980021FB1C /* TripHistoryView.swift */ = {isa = PBXFileReference; lastKnownFileType = sourcecode.swift; path = TripHistoryView.swift; sourceTree = "<group>"; };
		9982BBFC2B9871B50021FB1C /* TripHistoryViewModel.swift */ = {isa = PBXFileReference; lastKnownFileType = sourcecode.swift; path = TripHistoryViewModel.swift; sourceTree = "<group>"; };
		9982BBFE2B9876160021FB1C /* TripHistoryCard.swift */ = {isa = PBXFileReference; lastKnownFileType = sourcecode.swift; path = TripHistoryCard.swift; sourceTree = "<group>"; };
		9982BC002B987B1D0021FB1C /* Date.swift */ = {isa = PBXFileReference; lastKnownFileType = sourcecode.swift; path = Date.swift; sourceTree = "<group>"; };
		9982BC022B98923B0021FB1C /* Info.plist */ = {isa = PBXFileReference; lastKnownFileType = text.plist; path = Info.plist; sourceTree = "<group>"; };
		9982BC032B98A1190021FB1C /* Realm.swift */ = {isa = PBXFileReference; lastKnownFileType = sourcecode.swift; path = Realm.swift; sourceTree = "<group>"; };
		9982BC052B98A1CB0021FB1C /* SyncSubscriptionSet.swift */ = {isa = PBXFileReference; lastKnownFileType = sourcecode.swift; path = SyncSubscriptionSet.swift; sourceTree = "<group>"; };
		99C96C5E2B99E6C4006B356A /* SplashView.swift */ = {isa = PBXFileReference; lastKnownFileType = sourcecode.swift; path = SplashView.swift; sourceTree = "<group>"; };
		FB9185932B9CD469002F1AF2 /* LoginRepo.swift */ = {isa = PBXFileReference; lastKnownFileType = sourcecode.swift; path = LoginRepo.swift; sourceTree = "<group>"; };
		FB9185962B9CD53F002F1AF2 /* DriverRepo.swift */ = {isa = PBXFileReference; lastKnownFileType = sourcecode.swift; path = DriverRepo.swift; sourceTree = "<group>"; };
		FB9185982B9CD5A8002F1AF2 /* TripRepo.swift */ = {isa = PBXFileReference; lastKnownFileType = sourcecode.swift; path = TripRepo.swift; sourceTree = "<group>"; };
		FB9185A12B9D13D5002F1AF2 /* BackgroundManager.swift */ = {isa = PBXFileReference; fileEncoding = 4; lastKnownFileType = sourcecode.swift; path = BackgroundManager.swift; sourceTree = "<group>"; };
		FB9185A32B9D13E1002F1AF2 /* ConfigManager.swift */ = {isa = PBXFileReference; fileEncoding = 4; lastKnownFileType = sourcecode.swift; path = ConfigManager.swift; sourceTree = "<group>"; };
		FB9185A52B9D13E9002F1AF2 /* RealmManager.swift */ = {isa = PBXFileReference; fileEncoding = 4; lastKnownFileType = sourcecode.swift; path = RealmManager.swift; sourceTree = "<group>"; };
/* End PBXFileReference section */

/* Begin PBXFrameworksBuildPhase section */
		913D46442770E46800ABE7D3 /* Frameworks */ = {
			isa = PBXFrameworksBuildPhase;
			buildActionMask = 2147483647;
			files = (
				915E413C284937E700D7C234 /* RealmSwift in Frameworks */,
				915E413A284937E700D7C234 /* Realm in Frameworks */,
			);
			runOnlyForDeploymentPostprocessing = 0;
		};
/* End PBXFrameworksBuildPhase section */

/* Begin PBXGroup section */
		913D463E2770E46800ABE7D3 = {
			isa = PBXGroup;
			children = (
				99368E0F2B961404000FC901 /* LaunchScreen.storyboard */,
				913D46492770E46800ABE7D3 /* GoDriver */,
				913D46482770E46800ABE7D3 /* Products */,
			);
			sourceTree = "<group>";
		};
		913D46482770E46800ABE7D3 /* Products */ = {
			isa = PBXGroup;
			children = (
				913D46472770E46800ABE7D3 /* GoDriver.app */,
			);
			name = Products;
			sourceTree = "<group>";
		};
		913D46492770E46800ABE7D3 /* GoDriver */ = {
			isa = PBXGroup;
			children = (
				9982BC022B98923B0021FB1C /* Info.plist */,
				912196BD27C6868100407648 /* atlasConfig.plist */,
				913D464A2770E46800ABE7D3 /* App.swift */,
				9982BBEB2B9709170021FB1C /* Components */,
				99495BB72B90C9DB00D726CC /* Extensions */,
				917097E727A0600000F1D65B /* Views */,
				99C96C602B9A073C006B356A /* Service */,
				913D46502770E46A00ABE7D3 /* Preview Content */,
				913D464E2770E46A00ABE7D3 /* Assets.xcassets */,
			);
			path = GoDriver;
			sourceTree = "<group>";
		};
		913D46502770E46A00ABE7D3 /* Preview Content */ = {
			isa = PBXGroup;
			children = (
				913D46512770E46A00ABE7D3 /* Preview Assets.xcassets */,
			);
			path = "Preview Content";
			sourceTree = "<group>";
		};
		917097E727A0600000F1D65B /* Views */ = {
			isa = PBXGroup;
			children = (
				913D464C2770E46800ABE7D3 /* ContentView.swift */,
				917097DD27A05F0000F1D65B /* OpenRealmView.swift */,
				99C96C5E2B99E6C4006B356A /* SplashView.swift */,
				99368E052B95FA81000FC901 /* Login */,
				99368E042B95E563000FC901 /* Home */,
				99368E0A2B9612E5000FC901 /* TripRequest */,
				9982BBF02B97B4330021FB1C /* TripFlow */,
				9982BBE62B968B1B0021FB1C /* Profile */,
				9982BBFB2B98719C0021FB1C /* TripHistory */,
			);
			path = Views;
			sourceTree = "<group>";
		};
		99368DF72B95D7BB000FC901 /* Models */ = {
			isa = PBXGroup;
			children = (
				99368DF82B95D7CB000FC901 /* Driver.swift */,
				99368DFA2B95D7E9000FC901 /* DriverStatus.swift */,
				99368DFE2B95DA91000FC901 /* UiState.swift */,
				9982BBE02B9624540021FB1C /* Trip.swift */,
				9982BBE22B963ACF0021FB1C /* Rider.swift */,
			);
			path = Models;
			sourceTree = "<group>";
		};
		99368E042B95E563000FC901 /* Home */ = {
			isa = PBXGroup;
			children = (
				99368E002B95E4E1000FC901 /* HomeView.swift */,
				99368E022B95E541000FC901 /* HomeViewModel.swift */,
			);
			path = Home;
			sourceTree = "<group>";
		};
		99368E052B95FA81000FC901 /* Login */ = {
			isa = PBXGroup;
			children = (
				913D46612770F0C600ABE7D3 /* LoginView.swift */,
				99368DFC2B95DA33000FC901 /* LoginViewModel.swift */,
			);
			path = Login;
			sourceTree = "<group>";
		};
		99368E0A2B9612E5000FC901 /* TripRequest */ = {
			isa = PBXGroup;
			children = (
				99368E072B9612D4000FC901 /* TripRequestView.swift */,
				99368E0B2B9612F5000FC901 /* TripRequestViewModel.swift */,
			);
			path = TripRequest;
			sourceTree = "<group>";
		};
		99495BB72B90C9DB00D726CC /* Extensions */ = {
			isa = PBXGroup;
			children = (
				9982BC092B98ACDE0021FB1C /* SwiftUI */,
				9982BC082B98ACD60021FB1C /* Foundation */,
				9982BC072B98ACCB0021FB1C /* Realm */,
			);
			path = Extensions;
			sourceTree = "<group>";
		};
		9982BBE62B968B1B0021FB1C /* Profile */ = {
			isa = PBXGroup;
			children = (
				9982BBE42B968B120021FB1C /* ProfileView.swift */,
				9982BBE72B968B450021FB1C /* ProfileViewModel.swift */,
			);
			path = Profile;
			sourceTree = "<group>";
		};
		9982BBEB2B9709170021FB1C /* Components */ = {
			isa = PBXGroup;
			children = (
				9982BBEC2B9709920021FB1C /* ProfileTextField.swift */,
				9982BBEE2B976D580021FB1C /* ProgressBar.swift */,
				9982BBF32B97B5400021FB1C /* TripInfoCard.swift */,
				9982BBFE2B9876160021FB1C /* TripHistoryCard.swift */,
			);
			path = Components;
			sourceTree = "<group>";
		};
		9982BBF02B97B4330021FB1C /* TripFlow */ = {
			isa = PBXGroup;
			children = (
				9982BBF12B97B4550021FB1C /* TripFlowView.swift */,
				9982BBF52B97C95E0021FB1C /* TripFlowViewModel.swift */,
			);
			path = TripFlow;
			sourceTree = "<group>";
		};
		9982BBFB2B98719C0021FB1C /* TripHistory */ = {
			isa = PBXGroup;
			children = (
				9982BBF92B9871980021FB1C /* TripHistoryView.swift */,
				9982BBFC2B9871B50021FB1C /* TripHistoryViewModel.swift */,
			);
			path = TripHistory;
			sourceTree = "<group>";
		};
		9982BC072B98ACCB0021FB1C /* Realm */ = {
			isa = PBXGroup;
			children = (
				9982BC032B98A1190021FB1C /* Realm.swift */,
				9982BC052B98A1CB0021FB1C /* SyncSubscriptionSet.swift */,
			);
			path = Realm;
			sourceTree = "<group>";
		};
		9982BC082B98ACD60021FB1C /* Foundation */ = {
			isa = PBXGroup;
			children = (
				9982BBE92B9704970021FB1C /* String.swift */,
				9982BBF72B9866C70021FB1C /* Double.swift */,
				9982BC002B987B1D0021FB1C /* Date.swift */,
			);
			path = Foundation;
			sourceTree = "<group>";
		};
		9982BC092B98ACDE0021FB1C /* SwiftUI */ = {
			isa = PBXGroup;
			children = (
				99495BB52B90C9D600D726CC /* Color.swift */,
			);
			path = SwiftUI;
			sourceTree = "<group>";
		};
		99C96C602B9A073C006B356A /* Service */ = {
			isa = PBXGroup;
			children = (
				99368DF72B95D7BB000FC901 /* Models */,
				FB9185A02B9D139D002F1AF2 /* Managers */,
				FB9185952B9CD4BC002F1AF2 /* Repos */,
			);
			path = Service;
			sourceTree = "<group>";
		};
		FB9185952B9CD4BC002F1AF2 /* Repos */ = {
			isa = PBXGroup;
			children = (
				FB9185932B9CD469002F1AF2 /* LoginRepo.swift */,
				FB9185962B9CD53F002F1AF2 /* DriverRepo.swift */,
				FB9185982B9CD5A8002F1AF2 /* TripRepo.swift */,
			);
			path = Repos;
			sourceTree = "<group>";
		};
		FB9185A02B9D139D002F1AF2 /* Managers */ = {
			isa = PBXGroup;
			children = (
				FB9185A52B9D13E9002F1AF2 /* RealmManager.swift */,
				FB9185A32B9D13E1002F1AF2 /* ConfigManager.swift */,
				FB9185A12B9D13D5002F1AF2 /* BackgroundManager.swift */,
			);
			path = Managers;
			sourceTree = "<group>";
		};
/* End PBXGroup section */

/* Begin PBXNativeTarget section */
		913D46462770E46800ABE7D3 /* GoDriver */ = {
			isa = PBXNativeTarget;
			buildConfigurationList = 913D46552770E46A00ABE7D3 /* Build configuration list for PBXNativeTarget "GoDriver" */;
			buildPhases = (
				913D46432770E46800ABE7D3 /* Sources */,
				913D46442770E46800ABE7D3 /* Frameworks */,
				913D46452770E46800ABE7D3 /* Resources */,
			);
			buildRules = (
			);
			dependencies = (
			);
			name = GoDriver;
			packageProductDependencies = (
				915E4139284937E700D7C234 /* Realm */,
				915E413B284937E700D7C234 /* RealmSwift */,
			);
			productName = "realm-template-apps-swiftui";
			productReference = 913D46472770E46800ABE7D3 /* GoDriver.app */;
			productType = "com.apple.product-type.application";
		};
/* End PBXNativeTarget section */

/* Begin PBXProject section */
		913D463F2770E46800ABE7D3 /* Project object */ = {
			isa = PBXProject;
			attributes = {
				BuildIndependentTargetsInParallel = 1;
				LastSwiftUpdateCheck = 1320;
				LastUpgradeCheck = 1530;
				TargetAttributes = {
					913D46462770E46800ABE7D3 = {
						CreatedOnToolsVersion = 13.2.1;
					};
				};
			};
			buildConfigurationList = 913D46422770E46800ABE7D3 /* Build configuration list for PBXProject "GoDriver" */;
			compatibilityVersion = "Xcode 13.0";
			developmentRegion = en;
			hasScannedForEncodings = 0;
			knownRegions = (
				en,
				Base,
			);
			mainGroup = 913D463E2770E46800ABE7D3;
			packageReferences = (
				915E4138284937E700D7C234 /* XCRemoteSwiftPackageReference "realm-swift" */,
			);
			productRefGroup = 913D46482770E46800ABE7D3 /* Products */;
			projectDirPath = "";
			projectRoot = "";
			targets = (
				913D46462770E46800ABE7D3 /* GoDriver */,
			);
		};
/* End PBXProject section */

/* Begin PBXResourcesBuildPhase section */
		913D46452770E46800ABE7D3 /* Resources */ = {
			isa = PBXResourcesBuildPhase;
			buildActionMask = 2147483647;
			files = (
				913D46522770E46A00ABE7D3 /* Preview Assets.xcassets in Resources */,
				99368E102B961404000FC901 /* LaunchScreen.storyboard in Resources */,
				913D464F2770E46A00ABE7D3 /* Assets.xcassets in Resources */,
				912196BE27C6868100407648 /* atlasConfig.plist in Resources */,
			);
			runOnlyForDeploymentPostprocessing = 0;
		};
/* End PBXResourcesBuildPhase section */

/* Begin PBXSourcesBuildPhase section */
		913D46432770E46800ABE7D3 /* Sources */ = {
			isa = PBXSourcesBuildPhase;
			buildActionMask = 2147483647;
			files = (
				99368E032B95E541000FC901 /* HomeViewModel.swift in Sources */,
				FB9185A42B9D13E1002F1AF2 /* ConfigManager.swift in Sources */,
				9982BBFF2B9876160021FB1C /* TripHistoryCard.swift in Sources */,
				917097DE27A05F0000F1D65B /* OpenRealmView.swift in Sources */,
				9982BBE32B963ACF0021FB1C /* Rider.swift in Sources */,
				99368DFF2B95DA92000FC901 /* UiState.swift in Sources */,
				913D46622770F0C600ABE7D3 /* LoginView.swift in Sources */,
				99368E0C2B9612F5000FC901 /* TripRequestViewModel.swift in Sources */,
				FB9185A22B9D13D5002F1AF2 /* BackgroundManager.swift in Sources */,
				913D464D2770E46800ABE7D3 /* ContentView.swift in Sources */,
				9982BBF82B9866C70021FB1C /* Double.swift in Sources */,
				99495BB62B90C9D600D726CC /* Color.swift in Sources */,
				9982BBEF2B976D580021FB1C /* ProgressBar.swift in Sources */,
				99368E082B9612D4000FC901 /* TripRequestView.swift in Sources */,
				FB9185972B9CD53F002F1AF2 /* DriverRepo.swift in Sources */,
				9982BBFA2B9871980021FB1C /* TripHistoryView.swift in Sources */,
				9982BBE12B9624540021FB1C /* Trip.swift in Sources */,
				99368DF92B95D7CB000FC901 /* Driver.swift in Sources */,
				99368E012B95E4E1000FC901 /* HomeView.swift in Sources */,
				9982BBF22B97B4550021FB1C /* TripFlowView.swift in Sources */,
				99C96C5F2B99E6C4006B356A /* SplashView.swift in Sources */,
				9982BBE82B968B460021FB1C /* ProfileViewModel.swift in Sources */,
				9982BBF62B97C95E0021FB1C /* TripFlowViewModel.swift in Sources */,
				9982BBED2B9709920021FB1C /* ProfileTextField.swift in Sources */,
				9982BC042B98A1190021FB1C /* Realm.swift in Sources */,
				FB9185A62B9D13E9002F1AF2 /* RealmManager.swift in Sources */,
				FB9185942B9CD469002F1AF2 /* LoginRepo.swift in Sources */,
				9982BBF42B97B5400021FB1C /* TripInfoCard.swift in Sources */,
				9982BBFD2B9871B50021FB1C /* TripHistoryViewModel.swift in Sources */,
				99368DFB2B95D7E9000FC901 /* DriverStatus.swift in Sources */,
				9982BBE52B968B120021FB1C /* ProfileView.swift in Sources */,
				9982BC012B987B1D0021FB1C /* Date.swift in Sources */,
				9982BC062B98A1CB0021FB1C /* SyncSubscriptionSet.swift in Sources */,
				9982BBEA2B9704970021FB1C /* String.swift in Sources */,
				913D464B2770E46800ABE7D3 /* App.swift in Sources */,
				99368DFD2B95DA33000FC901 /* LoginViewModel.swift in Sources */,
				FB9185992B9CD5A8002F1AF2 /* TripRepo.swift in Sources */,
			);
			runOnlyForDeploymentPostprocessing = 0;
		};
/* End PBXSourcesBuildPhase section */

/* Begin XCBuildConfiguration section */
		913D46532770E46A00ABE7D3 /* Debug */ = {
			isa = XCBuildConfiguration;
			buildSettings = {
				ALWAYS_SEARCH_USER_PATHS = NO;
				CLANG_ANALYZER_NONNULL = YES;
				CLANG_ANALYZER_NUMBER_OBJECT_CONVERSION = YES_AGGRESSIVE;
				CLANG_CXX_LANGUAGE_STANDARD = "gnu++17";
				CLANG_CXX_LIBRARY = "libc++";
				CLANG_ENABLE_MODULES = YES;
				CLANG_ENABLE_OBJC_ARC = YES;
				CLANG_ENABLE_OBJC_WEAK = YES;
				CLANG_WARN_BLOCK_CAPTURE_AUTORELEASING = YES;
				CLANG_WARN_BOOL_CONVERSION = YES;
				CLANG_WARN_COMMA = YES;
				CLANG_WARN_CONSTANT_CONVERSION = YES;
				CLANG_WARN_DEPRECATED_OBJC_IMPLEMENTATIONS = YES;
				CLANG_WARN_DIRECT_OBJC_ISA_USAGE = YES_ERROR;
				CLANG_WARN_DOCUMENTATION_COMMENTS = YES;
				CLANG_WARN_EMPTY_BODY = YES;
				CLANG_WARN_ENUM_CONVERSION = YES;
				CLANG_WARN_INFINITE_RECURSION = YES;
				CLANG_WARN_INT_CONVERSION = YES;
				CLANG_WARN_NON_LITERAL_NULL_CONVERSION = YES;
				CLANG_WARN_OBJC_IMPLICIT_RETAIN_SELF = YES;
				CLANG_WARN_OBJC_LITERAL_CONVERSION = YES;
				CLANG_WARN_OBJC_ROOT_CLASS = YES_ERROR;
				CLANG_WARN_QUOTED_INCLUDE_IN_FRAMEWORK_HEADER = YES;
				CLANG_WARN_RANGE_LOOP_ANALYSIS = YES;
				CLANG_WARN_STRICT_PROTOTYPES = YES;
				CLANG_WARN_SUSPICIOUS_MOVE = YES;
				CLANG_WARN_UNGUARDED_AVAILABILITY = YES_AGGRESSIVE;
				CLANG_WARN_UNREACHABLE_CODE = YES;
				CLANG_WARN__DUPLICATE_METHOD_MATCH = YES;
				COPY_PHASE_STRIP = NO;
				DEBUG_INFORMATION_FORMAT = dwarf;
				ENABLE_STRICT_OBJC_MSGSEND = YES;
				ENABLE_TESTABILITY = YES;
				ENABLE_USER_SCRIPT_SANDBOXING = YES;
				GCC_C_LANGUAGE_STANDARD = gnu11;
				GCC_DYNAMIC_NO_PIC = NO;
				GCC_NO_COMMON_BLOCKS = YES;
				GCC_OPTIMIZATION_LEVEL = 0;
				GCC_PREPROCESSOR_DEFINITIONS = (
					"DEBUG=1",
					"$(inherited)",
				);
				GCC_WARN_64_TO_32_BIT_CONVERSION = YES;
				GCC_WARN_ABOUT_RETURN_TYPE = YES_ERROR;
				GCC_WARN_UNDECLARED_SELECTOR = YES;
				GCC_WARN_UNINITIALIZED_AUTOS = YES_AGGRESSIVE;
				GCC_WARN_UNUSED_FUNCTION = YES;
				GCC_WARN_UNUSED_VARIABLE = YES;
				IPHONEOS_DEPLOYMENT_TARGET = 17.0;
				MTL_ENABLE_DEBUG_INFO = INCLUDE_SOURCE;
				MTL_FAST_MATH = YES;
				ONLY_ACTIVE_ARCH = YES;
				SDKROOT = iphoneos;
				SWIFT_ACTIVE_COMPILATION_CONDITIONS = DEBUG;
				SWIFT_OPTIMIZATION_LEVEL = "-Onone";
			};
			name = Debug;
		};
		913D46542770E46A00ABE7D3 /* Release */ = {
			isa = XCBuildConfiguration;
			buildSettings = {
				ALWAYS_SEARCH_USER_PATHS = NO;
				CLANG_ANALYZER_NONNULL = YES;
				CLANG_ANALYZER_NUMBER_OBJECT_CONVERSION = YES_AGGRESSIVE;
				CLANG_CXX_LANGUAGE_STANDARD = "gnu++17";
				CLANG_CXX_LIBRARY = "libc++";
				CLANG_ENABLE_MODULES = YES;
				CLANG_ENABLE_OBJC_ARC = YES;
				CLANG_ENABLE_OBJC_WEAK = YES;
				CLANG_WARN_BLOCK_CAPTURE_AUTORELEASING = YES;
				CLANG_WARN_BOOL_CONVERSION = YES;
				CLANG_WARN_COMMA = YES;
				CLANG_WARN_CONSTANT_CONVERSION = YES;
				CLANG_WARN_DEPRECATED_OBJC_IMPLEMENTATIONS = YES;
				CLANG_WARN_DIRECT_OBJC_ISA_USAGE = YES_ERROR;
				CLANG_WARN_DOCUMENTATION_COMMENTS = YES;
				CLANG_WARN_EMPTY_BODY = YES;
				CLANG_WARN_ENUM_CONVERSION = YES;
				CLANG_WARN_INFINITE_RECURSION = YES;
				CLANG_WARN_INT_CONVERSION = YES;
				CLANG_WARN_NON_LITERAL_NULL_CONVERSION = YES;
				CLANG_WARN_OBJC_IMPLICIT_RETAIN_SELF = YES;
				CLANG_WARN_OBJC_LITERAL_CONVERSION = YES;
				CLANG_WARN_OBJC_ROOT_CLASS = YES_ERROR;
				CLANG_WARN_QUOTED_INCLUDE_IN_FRAMEWORK_HEADER = YES;
				CLANG_WARN_RANGE_LOOP_ANALYSIS = YES;
				CLANG_WARN_STRICT_PROTOTYPES = YES;
				CLANG_WARN_SUSPICIOUS_MOVE = YES;
				CLANG_WARN_UNGUARDED_AVAILABILITY = YES_AGGRESSIVE;
				CLANG_WARN_UNREACHABLE_CODE = YES;
				CLANG_WARN__DUPLICATE_METHOD_MATCH = YES;
				COPY_PHASE_STRIP = NO;
				DEBUG_INFORMATION_FORMAT = "dwarf-with-dsym";
				ENABLE_NS_ASSERTIONS = NO;
				ENABLE_STRICT_OBJC_MSGSEND = YES;
				ENABLE_USER_SCRIPT_SANDBOXING = YES;
				GCC_C_LANGUAGE_STANDARD = gnu11;
				GCC_NO_COMMON_BLOCKS = YES;
				GCC_WARN_64_TO_32_BIT_CONVERSION = YES;
				GCC_WARN_ABOUT_RETURN_TYPE = YES_ERROR;
				GCC_WARN_UNDECLARED_SELECTOR = YES;
				GCC_WARN_UNINITIALIZED_AUTOS = YES_AGGRESSIVE;
				GCC_WARN_UNUSED_FUNCTION = YES;
				GCC_WARN_UNUSED_VARIABLE = YES;
				IPHONEOS_DEPLOYMENT_TARGET = 17.0;
				MTL_ENABLE_DEBUG_INFO = NO;
				MTL_FAST_MATH = YES;
				SDKROOT = iphoneos;
				SWIFT_COMPILATION_MODE = wholemodule;
				SWIFT_OPTIMIZATION_LEVEL = "-O";
				VALIDATE_PRODUCT = YES;
			};
			name = Release;
		};
		913D46562770E46A00ABE7D3 /* Debug */ = {
			isa = XCBuildConfiguration;
			buildSettings = {
				ASSETCATALOG_COMPILER_APPICON_NAME = AppIcon;
				ASSETCATALOG_COMPILER_GLOBAL_ACCENT_COLOR_NAME = AccentColor;
				CODE_SIGN_STYLE = Automatic;
				CURRENT_PROJECT_VERSION = 1;
				DEVELOPMENT_ASSET_PATHS = "\"GoDriver/Preview Content\"";
				DEVELOPMENT_TEAM = QH3T53K3KZ;
				ENABLE_PREVIEWS = YES;
				GENERATE_INFOPLIST_FILE = YES;
				INFOPLIST_FILE = GoDriver/Info.plist;
				INFOPLIST_KEY_UIApplicationSceneManifest_Generation = YES;
				INFOPLIST_KEY_UIApplicationSupportsIndirectInputEvents = YES;
				INFOPLIST_KEY_UILaunchScreen_Generation = YES;
				INFOPLIST_KEY_UILaunchStoryboardName = LaunchScreen.storyboard;
				INFOPLIST_KEY_UISupportedInterfaceOrientations_iPad = "UIInterfaceOrientationPortrait UIInterfaceOrientationPortraitUpsideDown UIInterfaceOrientationLandscapeLeft UIInterfaceOrientationLandscapeRight";
				INFOPLIST_KEY_UISupportedInterfaceOrientations_iPhone = "UIInterfaceOrientationPortrait UIInterfaceOrientationLandscapeLeft UIInterfaceOrientationLandscapeRight";
				IPHONEOS_DEPLOYMENT_TARGET = 17.0;
				LD_RUNPATH_SEARCH_PATHS = (
					"$(inherited)",
					"@executable_path/Frameworks",
				);
				MARKETING_VERSION = 1.0;
				PRODUCT_BUNDLE_IDENTIFIER = com.yassir.goDriver;
				PRODUCT_NAME = "$(TARGET_NAME)";
				SWIFT_EMIT_LOC_STRINGS = YES;
				SWIFT_VERSION = 5.0;
				TARGETED_DEVICE_FAMILY = "1,2";
			};
			name = Debug;
		};
		913D46572770E46A00ABE7D3 /* Release */ = {
			isa = XCBuildConfiguration;
			buildSettings = {
				ASSETCATALOG_COMPILER_APPICON_NAME = AppIcon;
				ASSETCATALOG_COMPILER_GLOBAL_ACCENT_COLOR_NAME = AccentColor;
				CODE_SIGN_STYLE = Automatic;
				CURRENT_PROJECT_VERSION = 1;
				DEVELOPMENT_ASSET_PATHS = "\"GoDriver/Preview Content\"";
				DEVELOPMENT_TEAM = QH3T53K3KZ;
				ENABLE_PREVIEWS = YES;
				GENERATE_INFOPLIST_FILE = YES;
				INFOPLIST_FILE = GoDriver/Info.plist;
				INFOPLIST_KEY_UIApplicationSceneManifest_Generation = YES;
				INFOPLIST_KEY_UIApplicationSupportsIndirectInputEvents = YES;
				INFOPLIST_KEY_UILaunchScreen_Generation = YES;
				INFOPLIST_KEY_UILaunchStoryboardName = LaunchScreen.storyboard;
				INFOPLIST_KEY_UISupportedInterfaceOrientations_iPad = "UIInterfaceOrientationPortrait UIInterfaceOrientationPortraitUpsideDown UIInterfaceOrientationLandscapeLeft UIInterfaceOrientationLandscapeRight";
				INFOPLIST_KEY_UISupportedInterfaceOrientations_iPhone = "UIInterfaceOrientationPortrait UIInterfaceOrientationLandscapeLeft UIInterfaceOrientationLandscapeRight";
				IPHONEOS_DEPLOYMENT_TARGET = 17.0;
				LD_RUNPATH_SEARCH_PATHS = (
					"$(inherited)",
					"@executable_path/Frameworks",
				);
				MARKETING_VERSION = 1.0;
				PRODUCT_BUNDLE_IDENTIFIER = com.yassir.goDriver;
				PRODUCT_NAME = "$(TARGET_NAME)";
				SWIFT_EMIT_LOC_STRINGS = YES;
				SWIFT_VERSION = 5.0;
				TARGETED_DEVICE_FAMILY = "1,2";
			};
			name = Release;
		};
/* End XCBuildConfiguration section */

/* Begin XCConfigurationList section */
		913D46422770E46800ABE7D3 /* Build configuration list for PBXProject "GoDriver" */ = {
			isa = XCConfigurationList;
			buildConfigurations = (
				913D46532770E46A00ABE7D3 /* Debug */,
				913D46542770E46A00ABE7D3 /* Release */,
			);
			defaultConfigurationIsVisible = 0;
			defaultConfigurationName = Release;
		};
		913D46552770E46A00ABE7D3 /* Build configuration list for PBXNativeTarget "GoDriver" */ = {
			isa = XCConfigurationList;
			buildConfigurations = (
				913D46562770E46A00ABE7D3 /* Debug */,
				913D46572770E46A00ABE7D3 /* Release */,
			);
			defaultConfigurationIsVisible = 0;
			defaultConfigurationName = Release;
		};
/* End XCConfigurationList section */

/* Begin XCRemoteSwiftPackageReference section */
		915E4138284937E700D7C234 /* XCRemoteSwiftPackageReference "realm-swift" */ = {
			isa = XCRemoteSwiftPackageReference;
			repositoryURL = "https://github.com/realm/realm-swift.git";
			requirement = {
				kind = upToNextMajorVersion;
				minimumVersion = 10.43.0;
			};
		};
/* End XCRemoteSwiftPackageReference section */

/* Begin XCSwiftPackageProductDependency section */
		915E4139284937E700D7C234 /* Realm */ = {
			isa = XCSwiftPackageProductDependency;
			package = 915E4138284937E700D7C234 /* XCRemoteSwiftPackageReference "realm-swift" */;
			productName = Realm;
		};
		915E413B284937E700D7C234 /* RealmSwift */ = {
			isa = XCSwiftPackageProductDependency;
			package = 915E4138284937E700D7C234 /* XCRemoteSwiftPackageReference "realm-swift" */;
			productName = RealmSwift;
		};
/* End XCSwiftPackageProductDependency section */
	};
	rootObject = 913D463F2770E46800ABE7D3 /* Project object */;
}
