// !$*UTF8*$!
{
	archiveVersion = 1;
	classes = {
	};
	objectVersion = 56;
	objects = {

/* Begin PBXBuildFile section */
		99495B9A2B909E7600D726CC /* GoDriverApp.swift in Sources */ = {isa = PBXBuildFile; fileRef = 99495B992B909E7600D726CC /* GoDriverApp.swift */; };
		99495B9C2B909E7600D726CC /* ContentView.swift in Sources */ = {isa = PBXBuildFile; fileRef = 99495B9B2B909E7600D726CC /* ContentView.swift */; };
		99495B9E2B909E7800D726CC /* Assets.xcassets in Resources */ = {isa = PBXBuildFile; fileRef = 99495B9D2B909E7800D726CC /* Assets.xcassets */; };
		99495BA12B909E7800D726CC /* Preview Assets.xcassets in Resources */ = {isa = PBXBuildFile; fileRef = 99495BA02B909E7800D726CC /* Preview Assets.xcassets */; };
		99495BA82B90A3F600D726CC /* LoginView.swift in Sources */ = {isa = PBXBuildFile; fileRef = 99495BA72B90A3F600D726CC /* LoginView.swift */; };
		99495BAB2B90A41700D726CC /* Realm in Frameworks */ = {isa = PBXBuildFile; productRef = 99495BAA2B90A41700D726CC /* Realm */; };
		99495BAD2B90A41700D726CC /* RealmSwift in Frameworks */ = {isa = PBXBuildFile; productRef = 99495BAC2B90A41700D726CC /* RealmSwift */; };
		99495BAF2B90A56E00D726CC /* LoginViewModel.swift in Sources */ = {isa = PBXBuildFile; fileRef = 99495BAE2B90A56E00D726CC /* LoginViewModel.swift */; };
		99495BB22B90BDB500D726CC /* SyncContentView.swift in Sources */ = {isa = PBXBuildFile; fileRef = 99495BB12B90BDB400D726CC /* SyncContentView.swift */; };
		99495BB42B90C17800D726CC /* Driver.swift in Sources */ = {isa = PBXBuildFile; fileRef = 99495BB32B90C17800D726CC /* Driver.swift */; };
		99495BBC2B90FD6400D726CC /* DriverStatus.swift in Sources */ = {isa = PBXBuildFile; fileRef = 99495BBB2B90FD6400D726CC /* DriverStatus.swift */; };
/* End PBXBuildFile section */

/* Begin PBXFileReference section */
		99495B962B909E7600D726CC /* GoDriver.app */ = {isa = PBXFileReference; explicitFileType = wrapper.application; includeInIndex = 0; path = GoDriver.app; sourceTree = BUILT_PRODUCTS_DIR; };
		99495B992B909E7600D726CC /* GoDriverApp.swift */ = {isa = PBXFileReference; lastKnownFileType = sourcecode.swift; path = GoDriverApp.swift; sourceTree = "<group>"; };
		99495B9B2B909E7600D726CC /* ContentView.swift */ = {isa = PBXFileReference; lastKnownFileType = sourcecode.swift; path = ContentView.swift; sourceTree = "<group>"; };
		99495B9D2B909E7800D726CC /* Assets.xcassets */ = {isa = PBXFileReference; lastKnownFileType = folder.assetcatalog; path = Assets.xcassets; sourceTree = "<group>"; };
		99495BA02B909E7800D726CC /* Preview Assets.xcassets */ = {isa = PBXFileReference; lastKnownFileType = folder.assetcatalog; path = "Preview Assets.xcassets"; sourceTree = "<group>"; };
		99495BA72B90A3F600D726CC /* LoginView.swift */ = {isa = PBXFileReference; lastKnownFileType = sourcecode.swift; path = LoginView.swift; sourceTree = "<group>"; };
		99495BAE2B90A56E00D726CC /* LoginViewModel.swift */ = {isa = PBXFileReference; lastKnownFileType = sourcecode.swift; path = LoginViewModel.swift; sourceTree = "<group>"; };
		99495BB12B90BDB400D726CC /* SyncContentView.swift */ = {isa = PBXFileReference; lastKnownFileType = sourcecode.swift; path = SyncContentView.swift; sourceTree = "<group>"; };
		99495BB32B90C17800D726CC /* Driver.swift */ = {isa = PBXFileReference; lastKnownFileType = sourcecode.swift; path = Driver.swift; sourceTree = "<group>"; };
		99495BBB2B90FD6400D726CC /* DriverStatus.swift */ = {isa = PBXFileReference; lastKnownFileType = sourcecode.swift; path = DriverStatus.swift; sourceTree = "<group>"; };
/* End PBXFileReference section */

/* Begin PBXFrameworksBuildPhase section */
		99495B932B909E7600D726CC /* Frameworks */ = {
			isa = PBXFrameworksBuildPhase;
			buildActionMask = 2147483647;
			files = (
				99495BAD2B90A41700D726CC /* RealmSwift in Frameworks */,
				99495BAB2B90A41700D726CC /* Realm in Frameworks */,
			);
			runOnlyForDeploymentPostprocessing = 0;
		};
/* End PBXFrameworksBuildPhase section */

/* Begin PBXGroup section */
		99495B8D2B909E7600D726CC = {
			isa = PBXGroup;
			children = (
				99495B982B909E7600D726CC /* GoDriver */,
				99495B972B909E7600D726CC /* Products */,
			);
			sourceTree = "<group>";
		};
		99495B972B909E7600D726CC /* Products */ = {
			isa = PBXGroup;
			children = (
				99495B962B909E7600D726CC /* GoDriver.app */,
			);
			name = Products;
			sourceTree = "<group>";
		};
		99495B982B909E7600D726CC /* GoDriver */ = {
			isa = PBXGroup;
			children = (
				99495B992B909E7600D726CC /* GoDriverApp.swift */,
				99495B9B2B909E7600D726CC /* ContentView.swift */,
				99495B9D2B909E7800D726CC /* Assets.xcassets */,
				99495B9F2B909E7800D726CC /* Preview Content */,
				99495BB02B90A57200D726CC /* Login */,
				99495BB12B90BDB400D726CC /* SyncContentView.swift */,
				99495BBD2B90FD6A00D726CC /* Models */,
			);
			path = GoDriver;
			sourceTree = "<group>";
		};
		99495B9F2B909E7800D726CC /* Preview Content */ = {
			isa = PBXGroup;
			children = (
				99495BA02B909E7800D726CC /* Preview Assets.xcassets */,
			);
			path = "Preview Content";
			sourceTree = "<group>";
		};
		99495BB02B90A57200D726CC /* Login */ = {
			isa = PBXGroup;
			children = (
				99495BA72B90A3F600D726CC /* LoginView.swift */,
				99495BAE2B90A56E00D726CC /* LoginViewModel.swift */,
			);
			path = Login;
			sourceTree = "<group>";
		};
		99495BBD2B90FD6A00D726CC /* Models */ = {
			isa = PBXGroup;
			children = (
				99495BB32B90C17800D726CC /* Driver.swift */,
				99495BBB2B90FD6400D726CC /* DriverStatus.swift */,
			);
			path = Models;
			sourceTree = "<group>";
		};
/* End PBXGroup section */

/* Begin PBXNativeTarget section */
		99495B952B909E7600D726CC /* GoDriver */ = {
			isa = PBXNativeTarget;
			buildConfigurationList = 99495BA42B909E7800D726CC /* Build configuration list for PBXNativeTarget "GoDriver" */;
			buildPhases = (
				99495B922B909E7600D726CC /* Sources */,
				99495B932B909E7600D726CC /* Frameworks */,
				99495B942B909E7600D726CC /* Resources */,
			);
			buildRules = (
			);
			dependencies = (
			);
			name = GoDriver;
			packageProductDependencies = (
				99495BAA2B90A41700D726CC /* Realm */,
				99495BAC2B90A41700D726CC /* RealmSwift */,
			);
			productName = GoDriver;
			productReference = 99495B962B909E7600D726CC /* GoDriver.app */;
			productType = "com.apple.product-type.application";
		};
/* End PBXNativeTarget section */

/* Begin PBXProject section */
		99495B8E2B909E7600D726CC /* Project object */ = {
			isa = PBXProject;
			attributes = {
				BuildIndependentTargetsInParallel = 1;
				LastSwiftUpdateCheck = 1520;
				LastUpgradeCheck = 1520;
				TargetAttributes = {
					99495B952B909E7600D726CC = {
						CreatedOnToolsVersion = 15.2;
					};
				};
			};
			buildConfigurationList = 99495B912B909E7600D726CC /* Build configuration list for PBXProject "GoDriver" */;
			compatibilityVersion = "Xcode 14.0";
			developmentRegion = en;
			hasScannedForEncodings = 0;
			knownRegions = (
				en,
				Base,
			);
			mainGroup = 99495B8D2B909E7600D726CC;
			packageReferences = (
				99495BA92B90A41700D726CC /* XCRemoteSwiftPackageReference "realm-swift" */,
			);
			productRefGroup = 99495B972B909E7600D726CC /* Products */;
			projectDirPath = "";
			projectRoot = "";
			targets = (
				99495B952B909E7600D726CC /* GoDriver */,
			);
		};
/* End PBXProject section */

/* Begin PBXResourcesBuildPhase section */
		99495B942B909E7600D726CC /* Resources */ = {
			isa = PBXResourcesBuildPhase;
			buildActionMask = 2147483647;
			files = (
				99495BA12B909E7800D726CC /* Preview Assets.xcassets in Resources */,
				99495B9E2B909E7800D726CC /* Assets.xcassets in Resources */,
			);
			runOnlyForDeploymentPostprocessing = 0;
		};
/* End PBXResourcesBuildPhase section */

/* Begin PBXSourcesBuildPhase section */
		99495B922B909E7600D726CC /* Sources */ = {
			isa = PBXSourcesBuildPhase;
			buildActionMask = 2147483647;
			files = (
				99495BAF2B90A56E00D726CC /* LoginViewModel.swift in Sources */,
				99495BB22B90BDB500D726CC /* SyncContentView.swift in Sources */,
				99495BBC2B90FD6400D726CC /* DriverStatus.swift in Sources */,
				99495BA82B90A3F600D726CC /* LoginView.swift in Sources */,
				99495BB42B90C17800D726CC /* Driver.swift in Sources */,
				99495B9C2B909E7600D726CC /* ContentView.swift in Sources */,
				99495B9A2B909E7600D726CC /* GoDriverApp.swift in Sources */,
			);
			runOnlyForDeploymentPostprocessing = 0;
		};
/* End PBXSourcesBuildPhase section */

/* Begin XCBuildConfiguration section */
		99495BA22B909E7800D726CC /* Debug */ = {
			isa = XCBuildConfiguration;
			buildSettings = {
				ALWAYS_SEARCH_USER_PATHS = NO;
				ASSETCATALOG_COMPILER_GENERATE_SWIFT_ASSET_SYMBOL_EXTENSIONS = YES;
				CLANG_ANALYZER_NONNULL = YES;
				CLANG_ANALYZER_NUMBER_OBJECT_CONVERSION = YES_AGGRESSIVE;
				CLANG_CXX_LANGUAGE_STANDARD = "gnu++20";
				CLANG_ENABLE_MODULES = YES;
				CLANG_ENABLE_OBJC_ARC = YES;
				CLANG_ENABLE_OBJC_WEAK = YES;
				CLANG_WARN_BLOCK_CAPTURE_AUTORELEASING = YES;
				CLANG_WARN_BOOL_CONVERSION = YES;
				CLANG_WARN_COMMA = YES;
				CLANG_WARN_CONSTANT_CONVERSION = YES;
				CLANG_WARN_DEPRECATED_OBJC_IMPLEMENTATIONS = YES;
				CLANG_WARN_DIRECT_OBJC_ISA_USAGE = YES_ERROR;
				CLANG_WARN_DOCUMENTATION_COMMENTS = YES;
				CLANG_WARN_EMPTY_BODY = YES;
				CLANG_WARN_ENUM_CONVERSION = YES;
				CLANG_WARN_INFINITE_RECURSION = YES;
				CLANG_WARN_INT_CONVERSION = YES;
				CLANG_WARN_NON_LITERAL_NULL_CONVERSION = YES;
				CLANG_WARN_OBJC_IMPLICIT_RETAIN_SELF = YES;
				CLANG_WARN_OBJC_LITERAL_CONVERSION = YES;
				CLANG_WARN_OBJC_ROOT_CLASS = YES_ERROR;
				CLANG_WARN_QUOTED_INCLUDE_IN_FRAMEWORK_HEADER = YES;
				CLANG_WARN_RANGE_LOOP_ANALYSIS = YES;
				CLANG_WARN_STRICT_PROTOTYPES = YES;
				CLANG_WARN_SUSPICIOUS_MOVE = YES;
				CLANG_WARN_UNGUARDED_AVAILABILITY = YES_AGGRESSIVE;
				CLANG_WARN_UNREACHABLE_CODE = YES;
				CLANG_WARN__DUPLICATE_METHOD_MATCH = YES;
				COPY_PHASE_STRIP = NO;
				DEBUG_INFORMATION_FORMAT = dwarf;
				ENABLE_STRICT_OBJC_MSGSEND = YES;
				ENABLE_TESTABILITY = YES;
				ENABLE_USER_SCRIPT_SANDBOXING = YES;
				GCC_C_LANGUAGE_STANDARD = gnu17;
				GCC_DYNAMIC_NO_PIC = NO;
				GCC_NO_COMMON_BLOCKS = YES;
				GCC_OPTIMIZATION_LEVEL = 0;
				GCC_PREPROCESSOR_DEFINITIONS = (
					"DEBUG=1",
					"$(inherited)",
				);
				GCC_WARN_64_TO_32_BIT_CONVERSION = YES;
				GCC_WARN_ABOUT_RETURN_TYPE = YES_ERROR;
				GCC_WARN_UNDECLARED_SELECTOR = YES;
				GCC_WARN_UNINITIALIZED_AUTOS = YES_AGGRESSIVE;
				GCC_WARN_UNUSED_FUNCTION = YES;
				GCC_WARN_UNUSED_VARIABLE = YES;
				IPHONEOS_DEPLOYMENT_TARGET = 17.2;
				LOCALIZATION_PREFERS_STRING_CATALOGS = YES;
				MTL_ENABLE_DEBUG_INFO = INCLUDE_SOURCE;
				MTL_FAST_MATH = YES;
				ONLY_ACTIVE_ARCH = YES;
				SDKROOT = iphoneos;
				SWIFT_ACTIVE_COMPILATION_CONDITIONS = "DEBUG $(inherited)";
				SWIFT_OPTIMIZATION_LEVEL = "-Onone";
			};
			name = Debug;
		};
		99495BA32B909E7800D726CC /* Release */ = {
			isa = XCBuildConfiguration;
			buildSettings = {
				ALWAYS_SEARCH_USER_PATHS = NO;
				ASSETCATALOG_COMPILER_GENERATE_SWIFT_ASSET_SYMBOL_EXTENSIONS = YES;
				CLANG_ANALYZER_NONNULL = YES;
				CLANG_ANALYZER_NUMBER_OBJECT_CONVERSION = YES_AGGRESSIVE;
				CLANG_CXX_LANGUAGE_STANDARD = "gnu++20";
				CLANG_ENABLE_MODULES = YES;
				CLANG_ENABLE_OBJC_ARC = YES;
				CLANG_ENABLE_OBJC_WEAK = YES;
				CLANG_WARN_BLOCK_CAPTURE_AUTORELEASING = YES;
				CLANG_WARN_BOOL_CONVERSION = YES;
				CLANG_WARN_COMMA = YES;
				CLANG_WARN_CONSTANT_CONVERSION = YES;
				CLANG_WARN_DEPRECATED_OBJC_IMPLEMENTATIONS = YES;
				CLANG_WARN_DIRECT_OBJC_ISA_USAGE = YES_ERROR;
				CLANG_WARN_DOCUMENTATION_COMMENTS = YES;
				CLANG_WARN_EMPTY_BODY = YES;
				CLANG_WARN_ENUM_CONVERSION = YES;
				CLANG_WARN_INFINITE_RECURSION = YES;
				CLANG_WARN_INT_CONVERSION = YES;
				CLANG_WARN_NON_LITERAL_NULL_CONVERSION = YES;
				CLANG_WARN_OBJC_IMPLICIT_RETAIN_SELF = YES;
				CLANG_WARN_OBJC_LITERAL_CONVERSION = YES;
				CLANG_WARN_OBJC_ROOT_CLASS = YES_ERROR;
				CLANG_WARN_QUOTED_INCLUDE_IN_FRAMEWORK_HEADER = YES;
				CLANG_WARN_RANGE_LOOP_ANALYSIS = YES;
				CLANG_WARN_STRICT_PROTOTYPES = YES;
				CLANG_WARN_SUSPICIOUS_MOVE = YES;
				CLANG_WARN_UNGUARDED_AVAILABILITY = YES_AGGRESSIVE;
				CLANG_WARN_UNREACHABLE_CODE = YES;
				CLANG_WARN__DUPLICATE_METHOD_MATCH = YES;
				COPY_PHASE_STRIP = NO;
				DEBUG_INFORMATION_FORMAT = "dwarf-with-dsym";
				ENABLE_NS_ASSERTIONS = NO;
				ENABLE_STRICT_OBJC_MSGSEND = YES;
				ENABLE_USER_SCRIPT_SANDBOXING = YES;
				GCC_C_LANGUAGE_STANDARD = gnu17;
				GCC_NO_COMMON_BLOCKS = YES;
				GCC_WARN_64_TO_32_BIT_CONVERSION = YES;
				GCC_WARN_ABOUT_RETURN_TYPE = YES_ERROR;
				GCC_WARN_UNDECLARED_SELECTOR = YES;
				GCC_WARN_UNINITIALIZED_AUTOS = YES_AGGRESSIVE;
				GCC_WARN_UNUSED_FUNCTION = YES;
				GCC_WARN_UNUSED_VARIABLE = YES;
				IPHONEOS_DEPLOYMENT_TARGET = 17.2;
				LOCALIZATION_PREFERS_STRING_CATALOGS = YES;
				MTL_ENABLE_DEBUG_INFO = NO;
				MTL_FAST_MATH = YES;
				SDKROOT = iphoneos;
				SWIFT_COMPILATION_MODE = wholemodule;
				VALIDATE_PRODUCT = YES;
			};
			name = Release;
		};
		99495BA52B909E7800D726CC /* Debug */ = {
			isa = XCBuildConfiguration;
			buildSettings = {
				ASSETCATALOG_COMPILER_APPICON_NAME = AppIcon;
				ASSETCATALOG_COMPILER_GLOBAL_ACCENT_COLOR_NAME = AccentColor;
				CODE_SIGN_STYLE = Automatic;
				CURRENT_PROJECT_VERSION = 1;
				DEVELOPMENT_ASSET_PATHS = "\"GoDriver/Preview Content\"";
				DEVELOPMENT_TEAM = QH3T53K3KZ;
				ENABLE_PREVIEWS = YES;
				GENERATE_INFOPLIST_FILE = YES;
				INFOPLIST_KEY_NSLocationAlwaysAndWhenInUseUsageDescription = "Yassir needs your location";
				INFOPLIST_KEY_UIApplicationSceneManifest_Generation = YES;
				INFOPLIST_KEY_UIApplicationSupportsIndirectInputEvents = YES;
				INFOPLIST_KEY_UILaunchScreen_Generation = YES;
				INFOPLIST_KEY_UISupportedInterfaceOrientations_iPad = "UIInterfaceOrientationPortrait UIInterfaceOrientationPortraitUpsideDown UIInterfaceOrientationLandscapeLeft UIInterfaceOrientationLandscapeRight";
				INFOPLIST_KEY_UISupportedInterfaceOrientations_iPhone = "UIInterfaceOrientationPortrait UIInterfaceOrientationLandscapeLeft UIInterfaceOrientationLandscapeRight";
				LD_RUNPATH_SEARCH_PATHS = (
					"$(inherited)",
					"@executable_path/Frameworks",
				);
				MARKETING_VERSION = 1.0;
				PRODUCT_BUNDLE_IDENTIFIER = com.raynmore.GoDriver;
				PRODUCT_NAME = "$(TARGET_NAME)";
				SWIFT_EMIT_LOC_STRINGS = YES;
				SWIFT_VERSION = 5.0;
				TARGETED_DEVICE_FAMILY = "1,2";
			};
			name = Debug;
		};
		99495BA62B909E7800D726CC /* Release */ = {
			isa = XCBuildConfiguration;
			buildSettings = {
				ASSETCATALOG_COMPILER_APPICON_NAME = AppIcon;
				ASSETCATALOG_COMPILER_GLOBAL_ACCENT_COLOR_NAME = AccentColor;
				CODE_SIGN_STYLE = Automatic;
				CURRENT_PROJECT_VERSION = 1;
				DEVELOPMENT_ASSET_PATHS = "\"GoDriver/Preview Content\"";
				DEVELOPMENT_TEAM = QH3T53K3KZ;
				ENABLE_PREVIEWS = YES;
				GENERATE_INFOPLIST_FILE = YES;
				INFOPLIST_KEY_NSLocationAlwaysAndWhenInUseUsageDescription = "Yassir needs your location";
				INFOPLIST_KEY_UIApplicationSceneManifest_Generation = YES;
				INFOPLIST_KEY_UIApplicationSupportsIndirectInputEvents = YES;
				INFOPLIST_KEY_UILaunchScreen_Generation = YES;
				INFOPLIST_KEY_UISupportedInterfaceOrientations_iPad = "UIInterfaceOrientationPortrait UIInterfaceOrientationPortraitUpsideDown UIInterfaceOrientationLandscapeLeft UIInterfaceOrientationLandscapeRight";
				INFOPLIST_KEY_UISupportedInterfaceOrientations_iPhone = "UIInterfaceOrientationPortrait UIInterfaceOrientationLandscapeLeft UIInterfaceOrientationLandscapeRight";
				LD_RUNPATH_SEARCH_PATHS = (
					"$(inherited)",
					"@executable_path/Frameworks",
				);
				MARKETING_VERSION = 1.0;
				PRODUCT_BUNDLE_IDENTIFIER = com.raynmore.GoDriver;
				PRODUCT_NAME = "$(TARGET_NAME)";
				SWIFT_EMIT_LOC_STRINGS = YES;
				SWIFT_VERSION = 5.0;
				TARGETED_DEVICE_FAMILY = "1,2";
			};
			name = Release;
		};
/* End XCBuildConfiguration section */

/* Begin XCConfigurationList section */
		99495B912B909E7600D726CC /* Build configuration list for PBXProject "GoDriver" */ = {
			isa = XCConfigurationList;
			buildConfigurations = (
				99495BA22B909E7800D726CC /* Debug */,
				99495BA32B909E7800D726CC /* Release */,
			);
			defaultConfigurationIsVisible = 0;
			defaultConfigurationName = Release;
		};
		99495BA42B909E7800D726CC /* Build configuration list for PBXNativeTarget "GoDriver" */ = {
			isa = XCConfigurationList;
			buildConfigurations = (
				99495BA52B909E7800D726CC /* Debug */,
				99495BA62B909E7800D726CC /* Release */,
			);
			defaultConfigurationIsVisible = 0;
			defaultConfigurationName = Release;
		};
/* End XCConfigurationList section */

/* Begin XCRemoteSwiftPackageReference section */
		99495BA92B90A41700D726CC /* XCRemoteSwiftPackageReference "realm-swift" */ = {
			isa = XCRemoteSwiftPackageReference;
			repositoryURL = "https://github.com/realm/realm-swift.git";
			requirement = {
				branch = master;
				kind = branch;
			};
		};
/* End XCRemoteSwiftPackageReference section */

/* Begin XCSwiftPackageProductDependency section */
		99495BAA2B90A41700D726CC /* Realm */ = {
			isa = XCSwiftPackageProductDependency;
			package = 99495BA92B90A41700D726CC /* XCRemoteSwiftPackageReference "realm-swift" */;
			productName = Realm;
		};
		99495BAC2B90A41700D726CC /* RealmSwift */ = {
			isa = XCSwiftPackageProductDependency;
			package = 99495BA92B90A41700D726CC /* XCRemoteSwiftPackageReference "realm-swift" */;
			productName = RealmSwift;
		};
/* End XCSwiftPackageProductDependency section */
	};
	rootObject = 99495B8E2B909E7600D726CC /* Project object */;
}
